
Microsoft Visual Studio Solution File, Format Version 12.00
Project("{FAE04EC0-301F-11D3-BF4B-00C04F79EFBC}") = "DevelopmentLessonTaskII010626", "DevelopmentLessonTaskII010626\DevelopmentLessonTaskII010626.csproj", "{541255C3-8672-4320-9270-DDF25A06D822}"
EndProject
Global
	GlobalSection(SolutionConfigurationPlatforms) = preSolution
		Debug|Any CPU = Debug|Any CPU
		Release|Any CPU = Release|Any CPU
	EndGlobalSection
	GlobalSection(ProjectConfigurationPlatforms) = postSolution
		{541255C3-8672-4320-9270-DDF25A06D822}.Debug|Any CPU.ActiveCfg = Debug|Any CPU
		{541255C3-8672-4320-9270-DDF25A06D822}.Debug|Any CPU.Build.0 = Debug|Any CPU
		{541255C3-8672-4320-9270-DDF25A06D822}.Release|Any CPU.ActiveCfg = Release|Any CPU
		{541255C3-8672-4320-9270-DDF25A06D822}.Release|Any CPU.Build.0 = Release|Any CPU
	EndGlobalSection
EndGlobal
