
Microsoft Visual Studio Solution File, Format Version 12.00
Project("{FAE04EC0-301F-11D3-BF4B-00C04F79EFBC}") = "DevelopmentLessonTask010626", "DevelopmentLessonTask010626\DevelopmentLessonTask010626.csproj", "{ADD0182A-8167-4868-AD5A-C65A2E9A5FFB}"
EndProject
Global
	GlobalSection(SolutionConfigurationPlatforms) = preSolution
		Debug|Any CPU = Debug|Any CPU
		Release|Any CPU = Release|Any CPU
	EndGlobalSection
	GlobalSection(ProjectConfigurationPlatforms) = postSolution
		{ADD0182A-8167-4868-AD5A-C65A2E9A5FFB}.Debug|Any CPU.ActiveCfg = Debug|Any CPU
		{ADD0182A-8167-4868-AD5A-C65A2E9A5FFB}.Debug|Any CPU.Build.0 = Debug|Any CPU
		{ADD0182A-8167-4868-AD5A-C65A2E9A5FFB}.Release|Any CPU.ActiveCfg = Release|Any CPU
		{ADD0182A-8167-4868-AD5A-C65A2E9A5FFB}.Release|Any CPU.Build.0 = Release|Any CPU
	EndGlobalSection
EndGlobal
