
Microsoft Visual Studio Solution File, Format Version 12.00
Project("{FAE04EC0-301F-11D3-BF4B-00C04F79EFBC}") = "Log analyst", "Log analyst\Log analyst.csproj", "{B17C6A24-7DE6-474E-B550-14314A8B130C}"
EndProject
Global
	GlobalSection(SolutionConfigurationPlatforms) = preSolution
		Debug|Any CPU = Debug|Any CPU
		Release|Any CPU = Release|Any CPU
	EndGlobalSection
	GlobalSection(ProjectConfigurationPlatforms) = postSolution
		{B17C6A24-7DE6-474E-B550-14314A8B130C}.Debug|Any CPU.ActiveCfg = Debug|Any CPU
		{B17C6A24-7DE6-474E-B550-14314A8B130C}.Debug|Any CPU.Build.0 = Debug|Any CPU
		{B17C6A24-7DE6-474E-B550-14314A8B130C}.Release|Any CPU.ActiveCfg = Release|Any CPU
		{B17C6A24-7DE6-474E-B550-14314A8B130C}.Release|Any CPU.Build.0 = Release|Any CPU
	EndGlobalSection
EndGlobal
