
Microsoft Visual Studio Solution File, Format Version 12.00
Project("{FAE04EC0-301F-11D3-BF4B-00C04F79EFBC}") = "taskI", "taskI\taskI.csproj", "{1BD63C0C-954D-4565-BCAF-B746159794B6}"
EndProject
Global
	GlobalSection(SolutionConfigurationPlatforms) = preSolution
		Debug|Any CPU = Debug|Any CPU
		Release|Any CPU = Release|Any CPU
	EndGlobalSection
	GlobalSection(ProjectConfigurationPlatforms) = postSolution
		{1BD63C0C-954D-4565-BCAF-B746159794B6}.Debug|Any CPU.ActiveCfg = Debug|Any CPU
		{1BD63C0C-954D-4565-BCAF-B746159794B6}.Debug|Any CPU.Build.0 = Debug|Any CPU
		{1BD63C0C-954D-4565-BCAF-B746159794B6}.Release|Any CPU.ActiveCfg = Release|Any CPU
		{1BD63C0C-954D-4565-BCAF-B746159794B6}.Release|Any CPU.Build.0 = Release|Any CPU
	EndGlobalSection
EndGlobal
