
Microsoft Visual Studio Solution File, Format Version 12.00
Project("{FAE04EC0-301F-11D3-BF4B-00C04F79EFBC}") = "Lab_LinkedList", "Lab_LinkedList\Lab_LinkedList.csproj", "{2B830721-1404-42F2-8BD6-2DC7D11461CD}"
EndProject
Global
	GlobalSection(SolutionConfigurationPlatforms) = preSolution
		Debug|Any CPU = Debug|Any CPU
		Release|Any CPU = Release|Any CPU
	EndGlobalSection
	GlobalSection(ProjectConfigurationPlatforms) = postSolution
		{2B830721-1404-42F2-8BD6-2DC7D11461CD}.Debug|Any CPU.ActiveCfg = Debug|Any CPU
		{2B830721-1404-42F2-8BD6-2DC7D11461CD}.Debug|Any CPU.Build.0 = Debug|Any CPU
		{2B830721-1404-42F2-8BD6-2DC7D11461CD}.Release|Any CPU.ActiveCfg = Release|Any CPU
		{2B830721-1404-42F2-8BD6-2DC7D11461CD}.Release|Any CPU.Build.0 = Release|Any CPU
	EndGlobalSection
EndGlobal
