
Microsoft Visual Studio Solution File, Format Version 12.00
Project("{FAE04EC0-301F-11D3-BF4B-00C04F79EFBC}") = "thefuck63testcase", "thefuck63testcase\thefuck63testcase.csproj", "{494F054E-5603-4C80-A9B8-CA32441C8E07}"
EndProject
Global
	GlobalSection(SolutionConfigurationPlatforms) = preSolution
		Debug|Any CPU = Debug|Any CPU
		Release|Any CPU = Release|Any CPU
	EndGlobalSection
	GlobalSection(ProjectConfigurationPlatforms) = postSolution
		{494F054E-5603-4C80-A9B8-CA32441C8E07}.Debug|Any CPU.ActiveCfg = Debug|Any CPU
		{494F054E-5603-4C80-A9B8-CA32441C8E07}.Debug|Any CPU.Build.0 = Debug|Any CPU
		{494F054E-5603-4C80-A9B8-CA32441C8E07}.Release|Any CPU.ActiveCfg = Release|Any CPU
		{494F054E-5603-4C80-A9B8-CA32441C8E07}.Release|Any CPU.Build.0 = Release|Any CPU
	EndGlobalSection
EndGlobal
