
Microsoft Visual Studio Solution File, Format Version 12.00
Project("{FAE04EC0-301F-11D3-BF4B-00C04F79EFBC}") = "data analise task", "data analise task\data analise task.csproj", "{161BB9C1-0435-4270-8DE4-975687DBB61A}"
EndProject
Global
	GlobalSection(SolutionConfigurationPlatforms) = preSolution
		Debug|Any CPU = Debug|Any CPU
		Release|Any CPU = Release|Any CPU
	EndGlobalSection
	GlobalSection(ProjectConfigurationPlatforms) = postSolution
		{161BB9C1-0435-4270-8DE4-975687DBB61A}.Debug|Any CPU.ActiveCfg = Debug|Any CPU
		{161BB9C1-0435-4270-8DE4-975687DBB61A}.Debug|Any CPU.Build.0 = Debug|Any CPU
		{161BB9C1-0435-4270-8DE4-975687DBB61A}.Release|Any CPU.ActiveCfg = Release|Any CPU
		{161BB9C1-0435-4270-8DE4-975687DBB61A}.Release|Any CPU.Build.0 = Release|Any CPU
	EndGlobalSection
EndGlobal
